
Microsoft Visual Studio Solution File, Format Version 12.00
# Visual Studio Version 17
VisualStudioVersion = 17.8.34511.84
MinimumVisualStudioVersion = 10.0.40219.1
Project("{FAE04EC0-301F-11D3-BF4B-00C04F79EFBC}") = "AspNetValidator", "AspNetValidator.csproj", "{3CDD00B5-57A6-4C11-93CA-3FB96F1FDDC4}"
EndProject
Global
	GlobalSection(SolutionConfigurationPlatforms) = preSolution
		Debug|Any CPU = Debug|Any CPU
		Release|Any CPU = Release|Any CPU
	EndGlobalSection
	GlobalSection(ProjectConfigurationPlatforms) = postSolution
		{3CDD00B5-57A6-4C11-93CA-3FB96F1FDDC4}.Debug|Any CPU.ActiveCfg = Debug|Any CPU
		{3CDD00B5-57A6-4C11-93CA-3FB96F1FDDC4}.Debug|Any CPU.Build.0 = Debug|Any CPU
		{3CDD00B5-57A6-4C11-93CA-3FB96F1FDDC4}.Release|Any CPU.ActiveCfg = Release|Any CPU
		{3CDD00B5-57A6-4C11-93CA-3FB96F1FDDC4}.Release|Any CPU.Build.0 = Release|Any CPU
	EndGlobalSection
	GlobalSection(SolutionProperties) = preSolution
		HideSolutionNode = FALSE
	EndGlobalSection
	GlobalSection(ExtensibilityGlobals) = postSolution
		SolutionGuid = {67754F98-ED35-4CB0-8ED6-4F32F0800C5F}
	EndGlobalSection
EndGlobal
