
Microsoft Visual Studio Solution File, Format Version 12.00
# Visual Studio Version 17
VisualStudioVersion = 17.8.34511.84
MinimumVisualStudioVersion = 10.0.40219.1
Project("{FAE04EC0-301F-11D3-BF4B-00C04F79EFBC}") = "test", "test\test.csproj", "{B6A71D9F-DD9B-45B3-A360-60D47B593841}"
EndProject
Global
	GlobalSection(SolutionConfigurationPlatforms) = preSolution
		Debug|Any CPU = Debug|Any CPU
		Release|Any CPU = Release|Any CPU
	EndGlobalSection
	GlobalSection(ProjectConfigurationPlatforms) = postSolution
		{B6A71D9F-DD9B-45B3-A360-60D47B593841}.Debug|Any CPU.ActiveCfg = Debug|Any CPU
		{B6A71D9F-DD9B-45B3-A360-60D47B593841}.Debug|Any CPU.Build.0 = Debug|Any CPU
		{B6A71D9F-DD9B-45B3-A360-60D47B593841}.Release|Any CPU.ActiveCfg = Release|Any CPU
		{B6A71D9F-DD9B-45B3-A360-60D47B593841}.Release|Any CPU.Build.0 = Release|Any CPU
	EndGlobalSection
	GlobalSection(SolutionProperties) = preSolution
		HideSolutionNode = FALSE
	EndGlobalSection
	GlobalSection(ExtensibilityGlobals) = postSolution
		SolutionGuid = {1A952428-985E-4754-838A-F2EB625406D3}
	EndGlobalSection
EndGlobal
