
Microsoft Visual Studio Solution File, Format Version 12.00
# Visual Studio Version 17
VisualStudioVersion = 17.8.34511.84
MinimumVisualStudioVersion = 10.0.40219.1
Project("{FAE04EC0-301F-11D3-BF4B-00C04F79EFBC}") = "AspNetPractice", "AspNetPractice.csproj", "{BE56AD05-DB12-426E-8911-966CEEF53E34}"
EndProject
Global
	GlobalSection(SolutionConfigurationPlatforms) = preSolution
		Debug|Any CPU = Debug|Any CPU
		Release|Any CPU = Release|Any CPU
	EndGlobalSection
	GlobalSection(ProjectConfigurationPlatforms) = postSolution
		{BE56AD05-DB12-426E-8911-966CEEF53E34}.Debug|Any CPU.ActiveCfg = Debug|Any CPU
		{BE56AD05-DB12-426E-8911-966CEEF53E34}.Debug|Any CPU.Build.0 = Debug|Any CPU
		{BE56AD05-DB12-426E-8911-966CEEF53E34}.Release|Any CPU.ActiveCfg = Release|Any CPU
		{BE56AD05-DB12-426E-8911-966CEEF53E34}.Release|Any CPU.Build.0 = Release|Any CPU
	EndGlobalSection
	GlobalSection(SolutionProperties) = preSolution
		HideSolutionNode = FALSE
	EndGlobalSection
	GlobalSection(ExtensibilityGlobals) = postSolution
		SolutionGuid = {9249F4E1-C5C8-4EE0-AFC8-E605A0873917}
	EndGlobalSection
EndGlobal
