
Microsoft Visual Studio Solution File, Format Version 12.00
# Visual Studio Version 17
VisualStudioVersion = 17.8.34511.84
MinimumVisualStudioVersion = 10.0.40219.1
Project("{FAE04EC0-301F-11D3-BF4B-00C04F79EFBC}") = "FileReadWrite", "FileReadWrite.csproj", "{43C909E1-9B27-46D6-A027-46B8A80D618C}"
EndProject
Project("{FAE04EC0-301F-11D3-BF4B-00C04F79EFBC}") = "MailSystem", "..\MailSystem\MailSystem.csproj", "{93B839D1-B6FB-4A29-A175-811D718423F5}"
EndProject
Global
	GlobalSection(SolutionConfigurationPlatforms) = preSolution
		Debug|Any CPU = Debug|Any CPU
		Release|Any CPU = Release|Any CPU
	EndGlobalSection
	GlobalSection(ProjectConfigurationPlatforms) = postSolution
		{43C909E1-9B27-46D6-A027-46B8A80D618C}.Debug|Any CPU.ActiveCfg = Debug|Any CPU
		{43C909E1-9B27-46D6-A027-46B8A80D618C}.Debug|Any CPU.Build.0 = Debug|Any CPU
		{43C909E1-9B27-46D6-A027-46B8A80D618C}.Release|Any CPU.ActiveCfg = Release|Any CPU
		{43C909E1-9B27-46D6-A027-46B8A80D618C}.Release|Any CPU.Build.0 = Release|Any CPU
		{93B839D1-B6FB-4A29-A175-811D718423F5}.Debug|Any CPU.ActiveCfg = Debug|Any CPU
		{93B839D1-B6FB-4A29-A175-811D718423F5}.Debug|Any CPU.Build.0 = Debug|Any CPU
		{93B839D1-B6FB-4A29-A175-811D718423F5}.Release|Any CPU.ActiveCfg = Release|Any CPU
		{93B839D1-B6FB-4A29-A175-811D718423F5}.Release|Any CPU.Build.0 = Release|Any CPU
	EndGlobalSection
	GlobalSection(SolutionProperties) = preSolution
		HideSolutionNode = FALSE
	EndGlobalSection
	GlobalSection(ExtensibilityGlobals) = postSolution
		SolutionGuid = {9CEEDA1F-2246-4518-ADC8-B4EF5A664532}
	EndGlobalSection
EndGlobal
