
Microsoft Visual Studio Solution File, Format Version 12.00
# Visual Studio Version 17
VisualStudioVersion = 17.8.34511.84
MinimumVisualStudioVersion = 10.0.40219.1
Project("{FAE04EC0-301F-11D3-BF4B-00C04F79EFBC}") = "DemoUserManagement.Web", "DemoUserManagement.Web.csproj", "{8CAD7FE7-C9C7-4A1F-9383-2B49226AC7D1}"
EndProject
Project("{FAE04EC0-301F-11D3-BF4B-00C04F79EFBC}") = "DemoUserManagement.Business", "..\DemoUserManagement.Business\DemoUserManagement.Business.csproj", "{228C3A85-F6A8-4408-96A8-1B4BA2FA4379}"
EndProject
Project("{FAE04EC0-301F-11D3-BF4B-00C04F79EFBC}") = "DemoUserManagement.DAL", "..\DemoUserManagement.DAL\DemoUserManagement.DAL.csproj", "{DAB88BA9-D3F9-45C9-B540-C27565B0B940}"
EndProject
Project("{FAE04EC0-301F-11D3-BF4B-00C04F79EFBC}") = "DemoUserManagement.Utils", "..\DemoUserManagement.Utils\DemoUserManagement.Utils.csproj", "{44537B6D-DC6A-41CC-A2B8-97081600721F}"
EndProject
Project("{FAE04EC0-301F-11D3-BF4B-00C04F79EFBC}") = "DemoUserManagement.Models", "..\DemoUserManagement.Models\DemoUserManagement.Models.csproj", "{C116F981-6B39-4BC2-9319-07A485F45F07}"
EndProject
Global
	GlobalSection(SolutionConfigurationPlatforms) = preSolution
		Debug|Any CPU = Debug|Any CPU
		Release|Any CPU = Release|Any CPU
	EndGlobalSection
	GlobalSection(ProjectConfigurationPlatforms) = postSolution
		{8CAD7FE7-C9C7-4A1F-9383-2B49226AC7D1}.Debug|Any CPU.ActiveCfg = Debug|Any CPU
		{8CAD7FE7-C9C7-4A1F-9383-2B49226AC7D1}.Debug|Any CPU.Build.0 = Debug|Any CPU
		{8CAD7FE7-C9C7-4A1F-9383-2B49226AC7D1}.Release|Any CPU.ActiveCfg = Release|Any CPU
		{8CAD7FE7-C9C7-4A1F-9383-2B49226AC7D1}.Release|Any CPU.Build.0 = Release|Any CPU
		{228C3A85-F6A8-4408-96A8-1B4BA2FA4379}.Debug|Any CPU.ActiveCfg = Debug|Any CPU
		{228C3A85-F6A8-4408-96A8-1B4BA2FA4379}.Debug|Any CPU.Build.0 = Debug|Any CPU
		{228C3A85-F6A8-4408-96A8-1B4BA2FA4379}.Release|Any CPU.ActiveCfg = Release|Any CPU
		{228C3A85-F6A8-4408-96A8-1B4BA2FA4379}.Release|Any CPU.Build.0 = Release|Any CPU
		{DAB88BA9-D3F9-45C9-B540-C27565B0B940}.Debug|Any CPU.ActiveCfg = Debug|Any CPU
		{DAB88BA9-D3F9-45C9-B540-C27565B0B940}.Debug|Any CPU.Build.0 = Debug|Any CPU
		{DAB88BA9-D3F9-45C9-B540-C27565B0B940}.Release|Any CPU.ActiveCfg = Release|Any CPU
		{DAB88BA9-D3F9-45C9-B540-C27565B0B940}.Release|Any CPU.Build.0 = Release|Any CPU
		{44537B6D-DC6A-41CC-A2B8-97081600721F}.Debug|Any CPU.ActiveCfg = Debug|Any CPU
		{44537B6D-DC6A-41CC-A2B8-97081600721F}.Debug|Any CPU.Build.0 = Debug|Any CPU
		{44537B6D-DC6A-41CC-A2B8-97081600721F}.Release|Any CPU.ActiveCfg = Release|Any CPU
		{44537B6D-DC6A-41CC-A2B8-97081600721F}.Release|Any CPU.Build.0 = Release|Any CPU
		{C116F981-6B39-4BC2-9319-07A485F45F07}.Debug|Any CPU.ActiveCfg = Debug|Any CPU
		{C116F981-6B39-4BC2-9319-07A485F45F07}.Debug|Any CPU.Build.0 = Debug|Any CPU
		{C116F981-6B39-4BC2-9319-07A485F45F07}.Release|Any CPU.ActiveCfg = Release|Any CPU
		{C116F981-6B39-4BC2-9319-07A485F45F07}.Release|Any CPU.Build.0 = Release|Any CPU
	EndGlobalSection
	GlobalSection(SolutionProperties) = preSolution
		HideSolutionNode = FALSE
	EndGlobalSection
	GlobalSection(ExtensibilityGlobals) = postSolution
		SolutionGuid = {2357FBB2-EF9E-4ABF-AF5E-144CEB48D960}
	EndGlobalSection
EndGlobal
