
Microsoft Visual Studio Solution File, Format Version 12.00
# Visual Studio Version 17
VisualStudioVersion = 17.8.34511.84
MinimumVisualStudioVersion = 10.0.40219.1
Project("{FAE04EC0-301F-11D3-BF4B-00C04F79EFBC}") = "StudentLayer", "StudentLayer.csproj", "{1820EAB2-1073-49F6-AE03-AF85DEE83AB8}"
EndProject
Project("{FAE04EC0-301F-11D3-BF4B-00C04F79EFBC}") = "StudentLayer.Business", "..\StudentLayer.Business\StudentLayer.Business.csproj", "{99BAC5F1-7201-4EDA-A4B3-7F5E7F72F7F4}"
EndProject
Project("{FAE04EC0-301F-11D3-BF4B-00C04F79EFBC}") = "StudentLayer.DAL", "..\StudentLayer.DAL\StudentLayer.DAL.csproj", "{B26465E6-55E1-4E4C-8D1B-DEEF11F3832A}"
EndProject
Project("{FAE04EC0-301F-11D3-BF4B-00C04F79EFBC}") = "StudentLayer.Models", "..\StudentLayer.Models\StudentLayer.Models.csproj", "{CFDBB834-F430-437E-A236-88EC94306D81}"
EndProject
Project("{FAE04EC0-301F-11D3-BF4B-00C04F79EFBC}") = "StudentLayer.Utils", "..\StudentLayer.Utils\StudentLayer.Utils.csproj", "{D93B90A1-FCA9-4815-9631-43C571F3CD80}"
EndProject
Global
	GlobalSection(SolutionConfigurationPlatforms) = preSolution
		Debug|Any CPU = Debug|Any CPU
		Release|Any CPU = Release|Any CPU
	EndGlobalSection
	GlobalSection(ProjectConfigurationPlatforms) = postSolution
		{1820EAB2-1073-49F6-AE03-AF85DEE83AB8}.Debug|Any CPU.ActiveCfg = Debug|Any CPU
		{1820EAB2-1073-49F6-AE03-AF85DEE83AB8}.Debug|Any CPU.Build.0 = Debug|Any CPU
		{1820EAB2-1073-49F6-AE03-AF85DEE83AB8}.Release|Any CPU.ActiveCfg = Release|Any CPU
		{1820EAB2-1073-49F6-AE03-AF85DEE83AB8}.Release|Any CPU.Build.0 = Release|Any CPU
		{99BAC5F1-7201-4EDA-A4B3-7F5E7F72F7F4}.Debug|Any CPU.ActiveCfg = Debug|Any CPU
		{99BAC5F1-7201-4EDA-A4B3-7F5E7F72F7F4}.Debug|Any CPU.Build.0 = Debug|Any CPU
		{99BAC5F1-7201-4EDA-A4B3-7F5E7F72F7F4}.Release|Any CPU.ActiveCfg = Release|Any CPU
		{99BAC5F1-7201-4EDA-A4B3-7F5E7F72F7F4}.Release|Any CPU.Build.0 = Release|Any CPU
		{B26465E6-55E1-4E4C-8D1B-DEEF11F3832A}.Debug|Any CPU.ActiveCfg = Debug|Any CPU
		{B26465E6-55E1-4E4C-8D1B-DEEF11F3832A}.Debug|Any CPU.Build.0 = Debug|Any CPU
		{B26465E6-55E1-4E4C-8D1B-DEEF11F3832A}.Release|Any CPU.ActiveCfg = Release|Any CPU
		{B26465E6-55E1-4E4C-8D1B-DEEF11F3832A}.Release|Any CPU.Build.0 = Release|Any CPU
		{CFDBB834-F430-437E-A236-88EC94306D81}.Debug|Any CPU.ActiveCfg = Debug|Any CPU
		{CFDBB834-F430-437E-A236-88EC94306D81}.Debug|Any CPU.Build.0 = Debug|Any CPU
		{CFDBB834-F430-437E-A236-88EC94306D81}.Release|Any CPU.ActiveCfg = Release|Any CPU
		{CFDBB834-F430-437E-A236-88EC94306D81}.Release|Any CPU.Build.0 = Release|Any CPU
		{D93B90A1-FCA9-4815-9631-43C571F3CD80}.Debug|Any CPU.ActiveCfg = Debug|Any CPU
		{D93B90A1-FCA9-4815-9631-43C571F3CD80}.Debug|Any CPU.Build.0 = Debug|Any CPU
		{D93B90A1-FCA9-4815-9631-43C571F3CD80}.Release|Any CPU.ActiveCfg = Release|Any CPU
		{D93B90A1-FCA9-4815-9631-43C571F3CD80}.Release|Any CPU.Build.0 = Release|Any CPU
	EndGlobalSection
	GlobalSection(SolutionProperties) = preSolution
		HideSolutionNode = FALSE
	EndGlobalSection
	GlobalSection(ExtensibilityGlobals) = postSolution
		SolutionGuid = {08280F0A-A3F2-4DD1-87B9-BA7A6B2F8AD2}
	EndGlobalSection
EndGlobal
