
Microsoft Visual Studio Solution File, Format Version 12.00
# Visual Studio Version 17
VisualStudioVersion = 17.8.34511.84
MinimumVisualStudioVersion = 10.0.40219.1
Project("{FAE04EC0-301F-11D3-BF4B-00C04F79EFBC}") = "StudentCrud", "StudentCrud.csproj", "{38C38FCA-383B-49D0-8CA0-5ABF39DCBC66}"
EndProject
Project("{FAE04EC0-301F-11D3-BF4B-00C04F79EFBC}") = "StudentCrud.Business", "..\StudentCrud.Business\StudentCrud.Business.csproj", "{963537A2-A08E-491F-9288-7F46AF31C682}"
EndProject
Project("{FAE04EC0-301F-11D3-BF4B-00C04F79EFBC}") = "StudentCrud.DataAccess", "..\StudentCrud.DataAccess\StudentCrud.DataAccess.csproj", "{13B59D27-7A8A-4C0F-AF4E-FB774B2A6560}"
EndProject
Project("{FAE04EC0-301F-11D3-BF4B-00C04F79EFBC}") = "StudentCrud.Models", "..\StudentCrud.Models\StudentCrud.Models.csproj", "{E2B1E0DF-195F-481B-B25B-380A908DFF9B}"
EndProject
Project("{FAE04EC0-301F-11D3-BF4B-00C04F79EFBC}") = "StudentCrud.Utils", "..\StudentCrud.Utils\StudentCrud.Utils.csproj", "{323077C2-3243-4FB2-9461-9186ED60C47A}"
EndProject
Global
	GlobalSection(SolutionConfigurationPlatforms) = preSolution
		Debug|Any CPU = Debug|Any CPU
		Release|Any CPU = Release|Any CPU
	EndGlobalSection
	GlobalSection(ProjectConfigurationPlatforms) = postSolution
		{38C38FCA-383B-49D0-8CA0-5ABF39DCBC66}.Debug|Any CPU.ActiveCfg = Debug|Any CPU
		{38C38FCA-383B-49D0-8CA0-5ABF39DCBC66}.Debug|Any CPU.Build.0 = Debug|Any CPU
		{38C38FCA-383B-49D0-8CA0-5ABF39DCBC66}.Release|Any CPU.ActiveCfg = Release|Any CPU
		{38C38FCA-383B-49D0-8CA0-5ABF39DCBC66}.Release|Any CPU.Build.0 = Release|Any CPU
		{963537A2-A08E-491F-9288-7F46AF31C682}.Debug|Any CPU.ActiveCfg = Debug|Any CPU
		{963537A2-A08E-491F-9288-7F46AF31C682}.Debug|Any CPU.Build.0 = Debug|Any CPU
		{963537A2-A08E-491F-9288-7F46AF31C682}.Release|Any CPU.ActiveCfg = Release|Any CPU
		{963537A2-A08E-491F-9288-7F46AF31C682}.Release|Any CPU.Build.0 = Release|Any CPU
		{13B59D27-7A8A-4C0F-AF4E-FB774B2A6560}.Debug|Any CPU.ActiveCfg = Debug|Any CPU
		{13B59D27-7A8A-4C0F-AF4E-FB774B2A6560}.Debug|Any CPU.Build.0 = Debug|Any CPU
		{13B59D27-7A8A-4C0F-AF4E-FB774B2A6560}.Release|Any CPU.ActiveCfg = Release|Any CPU
		{13B59D27-7A8A-4C0F-AF4E-FB774B2A6560}.Release|Any CPU.Build.0 = Release|Any CPU
		{E2B1E0DF-195F-481B-B25B-380A908DFF9B}.Debug|Any CPU.ActiveCfg = Debug|Any CPU
		{E2B1E0DF-195F-481B-B25B-380A908DFF9B}.Debug|Any CPU.Build.0 = Debug|Any CPU
		{E2B1E0DF-195F-481B-B25B-380A908DFF9B}.Release|Any CPU.ActiveCfg = Release|Any CPU
		{E2B1E0DF-195F-481B-B25B-380A908DFF9B}.Release|Any CPU.Build.0 = Release|Any CPU
		{323077C2-3243-4FB2-9461-9186ED60C47A}.Debug|Any CPU.ActiveCfg = Debug|Any CPU
		{323077C2-3243-4FB2-9461-9186ED60C47A}.Debug|Any CPU.Build.0 = Debug|Any CPU
		{323077C2-3243-4FB2-9461-9186ED60C47A}.Release|Any CPU.ActiveCfg = Release|Any CPU
		{323077C2-3243-4FB2-9461-9186ED60C47A}.Release|Any CPU.Build.0 = Release|Any CPU
	EndGlobalSection
	GlobalSection(SolutionProperties) = preSolution
		HideSolutionNode = FALSE
	EndGlobalSection
	GlobalSection(ExtensibilityGlobals) = postSolution
		SolutionGuid = {5CFEDFFF-0581-448F-8434-D1622F0F34AB}
	EndGlobalSection
EndGlobal
