
Microsoft Visual Studio Solution File, Format Version 12.00
# Visual Studio Version 17
VisualStudioVersion = 17.8.34511.84
MinimumVisualStudioVersion = 10.0.40219.1
Project("{FAE04EC0-301F-11D3-BF4B-00C04F79EFBC}") = "GridViewPractice", "GridViewPractice.csproj", "{377644DF-6806-4B96-9FF0-14C2F0FF34BF}"
EndProject
Global
	GlobalSection(SolutionConfigurationPlatforms) = preSolution
		Debug|Any CPU = Debug|Any CPU
		Release|Any CPU = Release|Any CPU
	EndGlobalSection
	GlobalSection(ProjectConfigurationPlatforms) = postSolution
		{377644DF-6806-4B96-9FF0-14C2F0FF34BF}.Debug|Any CPU.ActiveCfg = Debug|Any CPU
		{377644DF-6806-4B96-9FF0-14C2F0FF34BF}.Debug|Any CPU.Build.0 = Debug|Any CPU
		{377644DF-6806-4B96-9FF0-14C2F0FF34BF}.Release|Any CPU.ActiveCfg = Release|Any CPU
		{377644DF-6806-4B96-9FF0-14C2F0FF34BF}.Release|Any CPU.Build.0 = Release|Any CPU
	EndGlobalSection
	GlobalSection(SolutionProperties) = preSolution
		HideSolutionNode = FALSE
	EndGlobalSection
	GlobalSection(ExtensibilityGlobals) = postSolution
		SolutionGuid = {391D6146-0B81-4846-BAFD-5D956B27A6C5}
	EndGlobalSection
EndGlobal
